
Microsoft Visual Studio Solution File, Format Version 12.00
# Visual Studio Version 17
VisualStudioVersion = 17.14.36908.2 d17.14
MinimumVisualStudioVersion = 10.0.40219.1
Project("{2150E333-8FDC-42A3-9474-1A3956D46DE8}") = "src", "src", "{02EA681E-C7D8-13C7-8484-4AC65E1B71E8}"
EndProject
Project("{FAE04EC0-301F-11D3-BF4B-00C04F79EFBC}") = "GymTracker.Api", "GymTracker.Api\GymTracker.Api.csproj", "{209B40C1-D961-466E-8181-C6EADCC4E119}"
EndProject
Project("{2150E333-8FDC-42A3-9474-1A3956D46DE8}") = "model", "model", "{8F302C9C-8E0E-4E50-8010-530CE9DED400}"
EndProject
Project("{FAE04EC0-301F-11D3-BF4B-00C04F79EFBC}") = "GymTracker.AIModel", "GymTracker.AIModel\GymTracker.AIModel.csproj", "{C389769E-1AB8-4784-BCED-5845CB8600CD}"
EndProject
Global
	GlobalSection(SolutionConfigurationPlatforms) = preSolution
		Debug|Any CPU = Debug|Any CPU
		Release|Any CPU = Release|Any CPU
	EndGlobalSection
	GlobalSection(ProjectConfigurationPlatforms) = postSolution
		{209B40C1-D961-466E-8181-C6EADCC4E119}.Debug|Any CPU.ActiveCfg = Debug|Any CPU
		{209B40C1-D961-466E-8181-C6EADCC4E119}.Debug|Any CPU.Build.0 = Debug|Any CPU
		{209B40C1-D961-466E-8181-C6EADCC4E119}.Release|Any CPU.ActiveCfg = Release|Any CPU
		{209B40C1-D961-466E-8181-C6EADCC4E119}.Release|Any CPU.Build.0 = Release|Any CPU
		{C389769E-1AB8-4784-BCED-5845CB8600CD}.Debug|Any CPU.ActiveCfg = Debug|Any CPU
		{C389769E-1AB8-4784-BCED-5845CB8600CD}.Debug|Any CPU.Build.0 = Debug|Any CPU
		{C389769E-1AB8-4784-BCED-5845CB8600CD}.Release|Any CPU.ActiveCfg = Release|Any CPU
		{C389769E-1AB8-4784-BCED-5845CB8600CD}.Release|Any CPU.Build.0 = Release|Any CPU
	EndGlobalSection
	GlobalSection(SolutionProperties) = preSolution
		HideSolutionNode = FALSE
	EndGlobalSection
	GlobalSection(NestedProjects) = preSolution
		{209B40C1-D961-466E-8181-C6EADCC4E119} = {02EA681E-C7D8-13C7-8484-4AC65E1B71E8}
		{C389769E-1AB8-4784-BCED-5845CB8600CD} = {8F302C9C-8E0E-4E50-8010-530CE9DED400}
	EndGlobalSection
	GlobalSection(ExtensibilityGlobals) = postSolution
		SolutionGuid = {A0CB0036-6458-4C09-9A72-66B0A4C5B935}
	EndGlobalSection
EndGlobal
